
Microsoft Visual Studio Solution File, Format Version 12.00
# Visual Studio Version 17
VisualStudioVersion = 17.9.34728.123
MinimumVisualStudioVersion = 10.0.40219.1
Project("{9A19103F-16F7-4668-BE54-9A1E7A4F7556}") = "Uber_Trash", "Uber_Trash\Uber_Trash.csproj", "{35E81528-B66B-4061-8DF8-E5F9E0045E4E}"
EndProject
Project("{FAE04EC0-301F-11D3-BF4B-00C04F79EFBC}") = "UberTrashInterface", "UberTrashInterface\UberTrashInterface.csproj", "{A4C7C70F-1CA2-4F0E-975A-EE3F328579B6}"
EndProject
Global
	GlobalSection(SolutionConfigurationPlatforms) = preSolution
		Debug|Any CPU = Debug|Any CPU
		Release|Any CPU = Release|Any CPU
	EndGlobalSection
	GlobalSection(ProjectConfigurationPlatforms) = postSolution
		{35E81528-B66B-4061-8DF8-E5F9E0045E4E}.Debug|Any CPU.ActiveCfg = Debug|Any CPU
		{35E81528-B66B-4061-8DF8-E5F9E0045E4E}.Debug|Any CPU.Build.0 = Debug|Any CPU
		{35E81528-B66B-4061-8DF8-E5F9E0045E4E}.Release|Any CPU.ActiveCfg = Release|Any CPU
		{35E81528-B66B-4061-8DF8-E5F9E0045E4E}.Release|Any CPU.Build.0 = Release|Any CPU
		{A4C7C70F-1CA2-4F0E-975A-EE3F328579B6}.Debug|Any CPU.ActiveCfg = Debug|Any CPU
		{A4C7C70F-1CA2-4F0E-975A-EE3F328579B6}.Debug|Any CPU.Build.0 = Debug|Any CPU
		{A4C7C70F-1CA2-4F0E-975A-EE3F328579B6}.Release|Any CPU.ActiveCfg = Release|Any CPU
		{A4C7C70F-1CA2-4F0E-975A-EE3F328579B6}.Release|Any CPU.Build.0 = Release|Any CPU
	EndGlobalSection
	GlobalSection(SolutionProperties) = preSolution
		HideSolutionNode = FALSE
	EndGlobalSection
	GlobalSection(ExtensibilityGlobals) = postSolution
		SolutionGuid = {4202E79D-2445-490D-AAC4-08DCD920C475}
	EndGlobalSection
EndGlobal
